// !$*UTF8*$!
{
	archiveVersion = 1;
	classes = {
	};
	objectVersion = 55;
	objects = {

/* Begin PBXBuildFile section */
		3F1468DE284A3322009F7A54 /* Pie.swift in Sources */ = {isa = PBXBuildFile; fileRef = 3F1468DD284A3322009F7A54 /* Pie.swift */; };
		3F40C07228AFAD9300821C61 /* Grid.swift in Sources */ = {isa = PBXBuildFile; fileRef = 3F40C07128AFAD9300821C61 /* Grid.swift */; };
		3F40C07428AFAE1A00821C61 /* GridLayout.swift in Sources */ = {isa = PBXBuildFile; fileRef = 3F40C07328AFAE1A00821C61 /* GridLayout.swift */; };
		3F46D79D28AE5D710067F2A7 /* EmojiMemoryTheme.swift in Sources */ = {isa = PBXBuildFile; fileRef = 3F46D79C28AE5D710067F2A7 /* EmojiMemoryTheme.swift */; };
		3F4C51FB283D010200450C56 /* ThemeStore.swift in Sources */ = {isa = PBXBuildFile; fileRef = 3F4C51FA283D010200450C56 /* ThemeStore.swift */; };
		3F5AD2612852AE35009759F7 /* BuildCard.swift in Sources */ = {isa = PBXBuildFile; fileRef = 3F5AD2602852AE35009759F7 /* BuildCard.swift */; };
		3F5AD2632852AE6E009759F7 /* Cardify.swift in Sources */ = {isa = PBXBuildFile; fileRef = 3F5AD2622852AE6E009759F7 /* Cardify.swift */; };
		3F5B96AE28B2ED1E00365ADB /* MemorizeApp.swift in Sources */ = {isa = PBXBuildFile; fileRef = 3F5B96AD28B2ED1E00365ADB /* MemorizeApp.swift */; };
		3F653B2228297CA50036DC7E /* EmojiMemoryGameView.swift in Sources */ = {isa = PBXBuildFile; fileRef = 3F653B2128297CA50036DC7E /* EmojiMemoryGameView.swift */; };
		3F653B2428297CA70036DC7E /* Assets.xcassets in Resources */ = {isa = PBXBuildFile; fileRef = 3F653B2328297CA70036DC7E /* Assets.xcassets */; };
		3F653B2728297CA70036DC7E /* Preview Assets.xcassets in Resources */ = {isa = PBXBuildFile; fileRef = 3F653B2628297CA70036DC7E /* Preview Assets.xcassets */; };
		3F7FA1BC28499643007CDD4A /* AspectVGrid.swift in Sources */ = {isa = PBXBuildFile; fileRef = 3F7FA1BB28499643007CDD4A /* AspectVGrid.swift */; };
		3FAE157E28A684A400F325BA /* ThemeChooser.swift in Sources */ = {isa = PBXBuildFile; fileRef = 3FAE157D28A684A400F325BA /* ThemeChooser.swift */; };
		3FAE158228A689D600F325BA /* UtilityExtensions.swift in Sources */ = {isa = PBXBuildFile; fileRef = 3FAE158128A689D600F325BA /* UtilityExtensions.swift */; };
		3FD6A6FB28ABF86D00FA93F1 /* ThemeEditor.swift in Sources */ = {isa = PBXBuildFile; fileRef = 3FD6A6FA28ABF86D00FA93F1 /* ThemeEditor.swift */; };
		3FE5A8862833C8FF0017D9C6 /* MemoryGame.swift in Sources */ = {isa = PBXBuildFile; fileRef = 3FE5A8852833C8FF0017D9C6 /* MemoryGame.swift */; };
		3FE5A8882833CC250017D9C6 /* EmojiMemoryGame.swift in Sources */ = {isa = PBXBuildFile; fileRef = 3FE5A8872833CC250017D9C6 /* EmojiMemoryGame.swift */; };
/* End PBXBuildFile section */

/* Begin PBXFileReference section */
		3F1468DD284A3322009F7A54 /* Pie.swift */ = {isa = PBXFileReference; lastKnownFileType = sourcecode.swift; path = Pie.swift; sourceTree = "<group>"; };
		3F40C07128AFAD9300821C61 /* Grid.swift */ = {isa = PBXFileReference; lastKnownFileType = sourcecode.swift; path = Grid.swift; sourceTree = "<group>"; };
		3F40C07328AFAE1A00821C61 /* GridLayout.swift */ = {isa = PBXFileReference; lastKnownFileType = sourcecode.swift; path = GridLayout.swift; sourceTree = "<group>"; };
		3F46D79C28AE5D710067F2A7 /* EmojiMemoryTheme.swift */ = {isa = PBXFileReference; lastKnownFileType = sourcecode.swift; path = EmojiMemoryTheme.swift; sourceTree = "<group>"; };
		3F4C51FA283D010200450C56 /* ThemeStore.swift */ = {isa = PBXFileReference; lastKnownFileType = sourcecode.swift; path = ThemeStore.swift; sourceTree = "<group>"; };
		3F5AD2602852AE35009759F7 /* BuildCard.swift */ = {isa = PBXFileReference; lastKnownFileType = sourcecode.swift; path = BuildCard.swift; sourceTree = "<group>"; };
		3F5AD2622852AE6E009759F7 /* Cardify.swift */ = {isa = PBXFileReference; lastKnownFileType = sourcecode.swift; path = Cardify.swift; sourceTree = "<group>"; };
		3F5B96AD28B2ED1E00365ADB /* MemorizeApp.swift */ = {isa = PBXFileReference; fileEncoding = 4; lastKnownFileType = sourcecode.swift; path = MemorizeApp.swift; sourceTree = "<group>"; };
		3F653B1C28297CA50036DC7E /* Memorize.app */ = {isa = PBXFileReference; explicitFileType = wrapper.application; includeInIndex = 0; path = Memorize.app; sourceTree = BUILT_PRODUCTS_DIR; };
		3F653B2128297CA50036DC7E /* EmojiMemoryGameView.swift */ = {isa = PBXFileReference; lastKnownFileType = sourcecode.swift; path = EmojiMemoryGameView.swift; sourceTree = "<group>"; };
		3F653B2328297CA70036DC7E /* Assets.xcassets */ = {isa = PBXFileReference; lastKnownFileType = folder.assetcatalog; path = Assets.xcassets; sourceTree = "<group>"; };
		3F653B2628297CA70036DC7E /* Preview Assets.xcassets */ = {isa = PBXFileReference; lastKnownFileType = folder.assetcatalog; path = "Preview Assets.xcassets"; sourceTree = "<group>"; };
		3F7FA1BB28499643007CDD4A /* AspectVGrid.swift */ = {isa = PBXFileReference; lastKnownFileType = sourcecode.swift; path = AspectVGrid.swift; sourceTree = "<group>"; };
		3FAE157D28A684A400F325BA /* ThemeChooser.swift */ = {isa = PBXFileReference; lastKnownFileType = sourcecode.swift; path = ThemeChooser.swift; sourceTree = "<group>"; };
		3FAE158128A689D600F325BA /* UtilityExtensions.swift */ = {isa = PBXFileReference; lastKnownFileType = sourcecode.swift; path = UtilityExtensions.swift; sourceTree = "<group>"; };
		3FD6A6FA28ABF86D00FA93F1 /* ThemeEditor.swift */ = {isa = PBXFileReference; lastKnownFileType = sourcecode.swift; path = ThemeEditor.swift; sourceTree = "<group>"; };
		3FE5A8852833C8FF0017D9C6 /* MemoryGame.swift */ = {isa = PBXFileReference; lastKnownFileType = sourcecode.swift; path = MemoryGame.swift; sourceTree = "<group>"; };
		3FE5A8872833CC250017D9C6 /* EmojiMemoryGame.swift */ = {isa = PBXFileReference; lastKnownFileType = sourcecode.swift; path = EmojiMemoryGame.swift; sourceTree = "<group>"; };
/* End PBXFileReference section */

/* Begin PBXFrameworksBuildPhase section */
		3F653B1928297CA50036DC7E /* Frameworks */ = {
			isa = PBXFrameworksBuildPhase;
			buildActionMask = 2147483647;
			files = (
			);
			runOnlyForDeploymentPostprocessing = 0;
		};
/* End PBXFrameworksBuildPhase section */

/* Begin PBXGroup section */
		3F653B1328297CA50036DC7E = {
			isa = PBXGroup;
			children = (
				3F653B1E28297CA50036DC7E /* Memorize */,
				3F653B1D28297CA50036DC7E /* Products */,
			);
			sourceTree = "<group>";
		};
		3F653B1D28297CA50036DC7E /* Products */ = {
			isa = PBXGroup;
			children = (
				3F653B1C28297CA50036DC7E /* Memorize.app */,
			);
			name = Products;
			sourceTree = "<group>";
		};
		3F653B1E28297CA50036DC7E /* Memorize */ = {
			isa = PBXGroup;
			children = (
				3F5B96AD28B2ED1E00365ADB /* MemorizeApp.swift */,
				3FE5A8852833C8FF0017D9C6 /* MemoryGame.swift */,
				3FE5A8872833CC250017D9C6 /* EmojiMemoryGame.swift */,
				3F653B2128297CA50036DC7E /* EmojiMemoryGameView.swift */,
				3F46D79C28AE5D710067F2A7 /* EmojiMemoryTheme.swift */,
				3FAE157D28A684A400F325BA /* ThemeChooser.swift */,
				3F4C51FA283D010200450C56 /* ThemeStore.swift */,
				3FD6A6FA28ABF86D00FA93F1 /* ThemeEditor.swift */,
				3F653B2328297CA70036DC7E /* Assets.xcassets */,
				3F653B2528297CA70036DC7E /* Preview Content */,
				3F5AD2602852AE35009759F7 /* BuildCard.swift */,
				3F5AD2622852AE6E009759F7 /* Cardify.swift */,
				3FAE158128A689D600F325BA /* UtilityExtensions.swift */,
				3F40C07128AFAD9300821C61 /* Grid.swift */,
				3F40C07328AFAE1A00821C61 /* GridLayout.swift */,
				3F1468DD284A3322009F7A54 /* Pie.swift */,
				3F7FA1BB28499643007CDD4A /* AspectVGrid.swift */,
			);
			path = Memorize;
			sourceTree = "<group>";
		};
		3F653B2528297CA70036DC7E /* Preview Content */ = {
			isa = PBXGroup;
			children = (
				3F653B2628297CA70036DC7E /* Preview Assets.xcassets */,
			);
			path = "Preview Content";
			sourceTree = "<group>";
		};
/* End PBXGroup section */

/* Begin PBXNativeTarget section */
		3F653B1B28297CA50036DC7E /* Memorize */ = {
			isa = PBXNativeTarget;
			buildConfigurationList = 3F653B2A28297CA70036DC7E /* Build configuration list for PBXNativeTarget "Memorize" */;
			buildPhases = (
				3F653B1828297CA50036DC7E /* Sources */,
				3F653B1928297CA50036DC7E /* Frameworks */,
				3F653B1A28297CA50036DC7E /* Resources */,
			);
			buildRules = (
			);
			dependencies = (
			);
			name = Memorize;
			productName = Memorize;
			productReference = 3F653B1C28297CA50036DC7E /* Memorize.app */;
			productType = "com.apple.product-type.application";
		};
/* End PBXNativeTarget section */

/* Begin PBXProject section */
		3F653B1428297CA50036DC7E /* Project object */ = {
			isa = PBXProject;
			attributes = {
				BuildIndependentTargetsInParallel = 1;
				LastSwiftUpdateCheck = 1330;
				LastUpgradeCheck = 1330;
				TargetAttributes = {
					3F653B1B28297CA50036DC7E = {
						CreatedOnToolsVersion = 13.3.1;
					};
				};
			};
			buildConfigurationList = 3F653B1728297CA50036DC7E /* Build configuration list for PBXProject "Memorize" */;
			compatibilityVersion = "Xcode 13.0";
			developmentRegion = en;
			hasScannedForEncodings = 0;
			knownRegions = (
				en,
				Base,
			);
			mainGroup = 3F653B1328297CA50036DC7E;
			productRefGroup = 3F653B1D28297CA50036DC7E /* Products */;
			projectDirPath = "";
			projectRoot = "";
			targets = (
				3F653B1B28297CA50036DC7E /* Memorize */,
			);
		};
/* End PBXProject section */

/* Begin PBXResourcesBuildPhase section */
		3F653B1A28297CA50036DC7E /* Resources */ = {
			isa = PBXResourcesBuildPhase;
			buildActionMask = 2147483647;
			files = (
				3F653B2728297CA70036DC7E /* Preview Assets.xcassets in Resources */,
				3F653B2428297CA70036DC7E /* Assets.xcassets in Resources */,
			);
			runOnlyForDeploymentPostprocessing = 0;
		};
/* End PBXResourcesBuildPhase section */

/* Begin PBXSourcesBuildPhase section */
		3F653B1828297CA50036DC7E /* Sources */ = {
			isa = PBXSourcesBuildPhase;
			buildActionMask = 2147483647;
			files = (
				3FE5A8862833C8FF0017D9C6 /* MemoryGame.swift in Sources */,
				3FAE157E28A684A400F325BA /* ThemeChooser.swift in Sources */,
				3FD6A6FB28ABF86D00FA93F1 /* ThemeEditor.swift in Sources */,
				3FAE158228A689D600F325BA /* UtilityExtensions.swift in Sources */,
				3F653B2228297CA50036DC7E /* EmojiMemoryGameView.swift in Sources */,
				3F5B96AE28B2ED1E00365ADB /* MemorizeApp.swift in Sources */,
				3F7FA1BC28499643007CDD4A /* AspectVGrid.swift in Sources */,
				3F5AD2632852AE6E009759F7 /* Cardify.swift in Sources */,
				3F4C51FB283D010200450C56 /* ThemeStore.swift in Sources */,
				3F40C07228AFAD9300821C61 /* Grid.swift in Sources */,
				3F5AD2612852AE35009759F7 /* BuildCard.swift in Sources */,
				3F1468DE284A3322009F7A54 /* Pie.swift in Sources */,
				3F46D79D28AE5D710067F2A7 /* EmojiMemoryTheme.swift in Sources */,
				3FE5A8882833CC250017D9C6 /* EmojiMemoryGame.swift in Sources */,
				3F40C07428AFAE1A00821C61 /* GridLayout.swift in Sources */,
			);
			runOnlyForDeploymentPostprocessing = 0;
		};
/* End PBXSourcesBuildPhase section */

/* Begin XCBuildConfiguration section */
		3F653B2828297CA70036DC7E /* Debug */ = {
			isa = XCBuildConfiguration;
			buildSettings = {
				ALWAYS_SEARCH_USER_PATHS = NO;
				CLANG_ANALYZER_NONNULL = YES;
				CLANG_ANALYZER_NUMBER_OBJECT_CONVERSION = YES_AGGRESSIVE;
				CLANG_CXX_LANGUAGE_STANDARD = "gnu++17";
				CLANG_ENABLE_MODULES = YES;
				CLANG_ENABLE_OBJC_ARC = YES;
				CLANG_ENABLE_OBJC_WEAK = YES;
				CLANG_WARN_BLOCK_CAPTURE_AUTORELEASING = YES;
				CLANG_WARN_BOOL_CONVERSION = YES;
				CLANG_WARN_COMMA = YES;
				CLANG_WARN_CONSTANT_CONVERSION = YES;
				CLANG_WARN_DEPRECATED_OBJC_IMPLEMENTATIONS = YES;
				CLANG_WARN_DIRECT_OBJC_ISA_USAGE = YES_ERROR;
				CLANG_WARN_DOCUMENTATION_COMMENTS = YES;
				CLANG_WARN_EMPTY_BODY = YES;
				CLANG_WARN_ENUM_CONVERSION = YES;
				CLANG_WARN_INFINITE_RECURSION = YES;
				CLANG_WARN_INT_CONVERSION = YES;
				CLANG_WARN_NON_LITERAL_NULL_CONVERSION = YES;
				CLANG_WARN_OBJC_IMPLICIT_RETAIN_SELF = YES;
				CLANG_WARN_OBJC_LITERAL_CONVERSION = YES;
				CLANG_WARN_OBJC_ROOT_CLASS = YES_ERROR;
				CLANG_WARN_QUOTED_INCLUDE_IN_FRAMEWORK_HEADER = YES;
				CLANG_WARN_RANGE_LOOP_ANALYSIS = YES;
				CLANG_WARN_STRICT_PROTOTYPES = YES;
				CLANG_WARN_SUSPICIOUS_MOVE = YES;
				CLANG_WARN_UNGUARDED_AVAILABILITY = YES_AGGRESSIVE;
				CLANG_WARN_UNREACHABLE_CODE = YES;
				CLANG_WARN__DUPLICATE_METHOD_MATCH = YES;
				COPY_PHASE_STRIP = NO;
				DEBUG_INFORMATION_FORMAT = dwarf;
				ENABLE_STRICT_OBJC_MSGSEND = YES;
				ENABLE_TESTABILITY = YES;
				GCC_C_LANGUAGE_STANDARD = gnu11;
				GCC_DYNAMIC_NO_PIC = NO;
				GCC_NO_COMMON_BLOCKS = YES;
				GCC_OPTIMIZATION_LEVEL = 0;
				GCC_PREPROCESSOR_DEFINITIONS = (
					"DEBUG=1",
					"$(inherited)",
				);
				GCC_WARN_64_TO_32_BIT_CONVERSION = YES;
				GCC_WARN_ABOUT_RETURN_TYPE = YES_ERROR;
				GCC_WARN_UNDECLARED_SELECTOR = YES;
				GCC_WARN_UNINITIALIZED_AUTOS = YES_AGGRESSIVE;
				GCC_WARN_UNUSED_FUNCTION = YES;
				GCC_WARN_UNUSED_VARIABLE = YES;
				IPHONEOS_DEPLOYMENT_TARGET = 15.4;
				MTL_ENABLE_DEBUG_INFO = INCLUDE_SOURCE;
				MTL_FAST_MATH = YES;
				ONLY_ACTIVE_ARCH = YES;
				SDKROOT = iphoneos;
				SWIFT_ACTIVE_COMPILATION_CONDITIONS = DEBUG;
				SWIFT_OPTIMIZATION_LEVEL = "-Onone";
			};
			name = Debug;
		};
		3F653B2928297CA70036DC7E /* Release */ = {
			isa = XCBuildConfiguration;
			buildSettings = {
				ALWAYS_SEARCH_USER_PATHS = NO;
				CLANG_ANALYZER_NONNULL = YES;
				CLANG_ANALYZER_NUMBER_OBJECT_CONVERSION = YES_AGGRESSIVE;
				CLANG_CXX_LANGUAGE_STANDARD = "gnu++17";
				CLANG_ENABLE_MODULES = YES;
				CLANG_ENABLE_OBJC_ARC = YES;
				CLANG_ENABLE_OBJC_WEAK = YES;
				CLANG_WARN_BLOCK_CAPTURE_AUTORELEASING = YES;
				CLANG_WARN_BOOL_CONVERSION = YES;
				CLANG_WARN_COMMA = YES;
				CLANG_WARN_CONSTANT_CONVERSION = YES;
				CLANG_WARN_DEPRECATED_OBJC_IMPLEMENTATIONS = YES;
				CLANG_WARN_DIRECT_OBJC_ISA_USAGE = YES_ERROR;
				CLANG_WARN_DOCUMENTATION_COMMENTS = YES;
				CLANG_WARN_EMPTY_BODY = YES;
				CLANG_WARN_ENUM_CONVERSION = YES;
				CLANG_WARN_INFINITE_RECURSION = YES;
				CLANG_WARN_INT_CONVERSION = YES;
				CLANG_WARN_NON_LITERAL_NULL_CONVERSION = YES;
				CLANG_WARN_OBJC_IMPLICIT_RETAIN_SELF = YES;
				CLANG_WARN_OBJC_LITERAL_CONVERSION = YES;
				CLANG_WARN_OBJC_ROOT_CLASS = YES_ERROR;
				CLANG_WARN_QUOTED_INCLUDE_IN_FRAMEWORK_HEADER = YES;
				CLANG_WARN_RANGE_LOOP_ANALYSIS = YES;
				CLANG_WARN_STRICT_PROTOTYPES = YES;
				CLANG_WARN_SUSPICIOUS_MOVE = YES;
				CLANG_WARN_UNGUARDED_AVAILABILITY = YES_AGGRESSIVE;
				CLANG_WARN_UNREACHABLE_CODE = YES;
				CLANG_WARN__DUPLICATE_METHOD_MATCH = YES;
				COPY_PHASE_STRIP = NO;
				DEBUG_INFORMATION_FORMAT = "dwarf-with-dsym";
				ENABLE_NS_ASSERTIONS = NO;
				ENABLE_STRICT_OBJC_MSGSEND = YES;
				GCC_C_LANGUAGE_STANDARD = gnu11;
				GCC_NO_COMMON_BLOCKS = YES;
				GCC_WARN_64_TO_32_BIT_CONVERSION = YES;
				GCC_WARN_ABOUT_RETURN_TYPE = YES_ERROR;
				GCC_WARN_UNDECLARED_SELECTOR = YES;
				GCC_WARN_UNINITIALIZED_AUTOS = YES_AGGRESSIVE;
				GCC_WARN_UNUSED_FUNCTION = YES;
				GCC_WARN_UNUSED_VARIABLE = YES;
				IPHONEOS_DEPLOYMENT_TARGET = 15.4;
				MTL_ENABLE_DEBUG_INFO = NO;
				MTL_FAST_MATH = YES;
				SDKROOT = iphoneos;
				SWIFT_COMPILATION_MODE = wholemodule;
				SWIFT_OPTIMIZATION_LEVEL = "-O";
				VALIDATE_PRODUCT = YES;
			};
			name = Release;
		};
		3F653B2B28297CA70036DC7E /* Debug */ = {
			isa = XCBuildConfiguration;
			buildSettings = {
				ASSETCATALOG_COMPILER_APPICON_NAME = AppIcon;
				ASSETCATALOG_COMPILER_GLOBAL_ACCENT_COLOR_NAME = AccentColor;
				CODE_SIGN_STYLE = Automatic;
				CURRENT_PROJECT_VERSION = 1;
				DEVELOPMENT_ASSET_PATHS = "\"Memorize/Preview Content\"";
				DEVELOPMENT_TEAM = U5FLCAF34H;
				ENABLE_PREVIEWS = YES;
				GENERATE_INFOPLIST_FILE = YES;
				INFOPLIST_KEY_UIApplicationSceneManifest_Generation = YES;
				INFOPLIST_KEY_UIApplicationSupportsIndirectInputEvents = YES;
				INFOPLIST_KEY_UILaunchScreen_Generation = YES;
				INFOPLIST_KEY_UISupportedInterfaceOrientations_iPad = "UIInterfaceOrientationPortrait UIInterfaceOrientationPortraitUpsideDown UIInterfaceOrientationLandscapeLeft UIInterfaceOrientationLandscapeRight";
				INFOPLIST_KEY_UISupportedInterfaceOrientations_iPhone = "UIInterfaceOrientationPortrait UIInterfaceOrientationLandscapeLeft UIInterfaceOrientationLandscapeRight";
				LD_RUNPATH_SEARCH_PATHS = (
					"$(inherited)",
					"@executable_path/Frameworks",
				);
				MARKETING_VERSION = 1.0;
				PRODUCT_BUNDLE_IDENTIFIER = "com.ciandt-bootcamp.Memorize";
				PRODUCT_NAME = "$(TARGET_NAME)";
				SWIFT_EMIT_LOC_STRINGS = YES;
				SWIFT_VERSION = 5.0;
				TARGETED_DEVICE_FAMILY = "1,2";
			};
			name = Debug;
		};
		3F653B2C28297CA70036DC7E /* Release */ = {
			isa = XCBuildConfiguration;
			buildSettings = {
				ASSETCATALOG_COMPILER_APPICON_NAME = AppIcon;
				ASSETCATALOG_COMPILER_GLOBAL_ACCENT_COLOR_NAME = AccentColor;
				CODE_SIGN_STYLE = Automatic;
				CURRENT_PROJECT_VERSION = 1;
				DEVELOPMENT_ASSET_PATHS = "\"Memorize/Preview Content\"";
				DEVELOPMENT_TEAM = U5FLCAF34H;
				ENABLE_PREVIEWS = YES;
				GENERATE_INFOPLIST_FILE = YES;
				INFOPLIST_KEY_UIApplicationSceneManifest_Generation = YES;
				INFOPLIST_KEY_UIApplicationSupportsIndirectInputEvents = YES;
				INFOPLIST_KEY_UILaunchScreen_Generation = YES;
				INFOPLIST_KEY_UISupportedInterfaceOrientations_iPad = "UIInterfaceOrientationPortrait UIInterfaceOrientationPortraitUpsideDown UIInterfaceOrientationLandscapeLeft UIInterfaceOrientationLandscapeRight";
				INFOPLIST_KEY_UISupportedInterfaceOrientations_iPhone = "UIInterfaceOrientationPortrait UIInterfaceOrientationLandscapeLeft UIInterfaceOrientationLandscapeRight";
				LD_RUNPATH_SEARCH_PATHS = (
					"$(inherited)",
					"@executable_path/Frameworks",
				);
				MARKETING_VERSION = 1.0;
				PRODUCT_BUNDLE_IDENTIFIER = "com.ciandt-bootcamp.Memorize";
				PRODUCT_NAME = "$(TARGET_NAME)";
				SWIFT_EMIT_LOC_STRINGS = YES;
				SWIFT_VERSION = 5.0;
				TARGETED_DEVICE_FAMILY = "1,2";
			};
			name = Release;
		};
/* End XCBuildConfiguration section */

/* Begin XCConfigurationList section */
		3F653B1728297CA50036DC7E /* Build configuration list for PBXProject "Memorize" */ = {
			isa = XCConfigurationList;
			buildConfigurations = (
				3F653B2828297CA70036DC7E /* Debug */,
				3F653B2928297CA70036DC7E /* Release */,
			);
			defaultConfigurationIsVisible = 0;
			defaultConfigurationName = Release;
		};
		3F653B2A28297CA70036DC7E /* Build configuration list for PBXNativeTarget "Memorize" */ = {
			isa = XCConfigurationList;
			buildConfigurations = (
				3F653B2B28297CA70036DC7E /* Debug */,
				3F653B2C28297CA70036DC7E /* Release */,
			);
			defaultConfigurationIsVisible = 0;
			defaultConfigurationName = Release;
		};
/* End XCConfigurationList section */
	};
	rootObject = 3F653B1428297CA50036DC7E /* Project object */;
}
